// !$*UTF8*$!
{
	archiveVersion = 1;
	classes = {
	};
	objectVersion = 56;
	objects = {

/* Begin PBXBuildFile section */
		56D831932CD05D8B00D99834 /* HeaderTitleText.swift in Sources */ = {isa = PBXBuildFile; fileRef = 56D831922CD05D8B00D99834 /* HeaderTitleText.swift */; };
		56D831972CD0618200D99834 /* OverlayedImage.swift in Sources */ = {isa = PBXBuildFile; fileRef = 56D831962CD0618200D99834 /* OverlayedImage.swift */; };
		56D8319C2CD066C400D99834 /* TrackerScrollView.swift in Sources */ = {isa = PBXBuildFile; fileRef = 56D8319B2CD066C400D99834 /* TrackerScrollView.swift */; };
		56D8319E2CD1B44A00D99834 /* FontUtil.swift in Sources */ = {isa = PBXBuildFile; fileRef = 56D8319D2CD1B44400D99834 /* FontUtil.swift */; };
		56D831A22CD1B7F800D99834 /* ToolbarButton.swift in Sources */ = {isa = PBXBuildFile; fileRef = 56D831A12CD1B7F800D99834 /* ToolbarButton.swift */; };
		56D831A42CD1BA6300D99834 /* ToolbarText.swift in Sources */ = {isa = PBXBuildFile; fileRef = 56D831A32CD1BA6300D99834 /* ToolbarText.swift */; };
		56D831A62CD1C16100D99834 /* ToolbarView.swift in Sources */ = {isa = PBXBuildFile; fileRef = 56D831A52CD1C16100D99834 /* ToolbarView.swift */; };
		56D831A82CD1C96200D99834 /* ToolbarUtil.swift in Sources */ = {isa = PBXBuildFile; fileRef = 56D831A72CD1C96200D99834 /* ToolbarUtil.swift */; };
		56E6B6B62C964D670029EA4E /* ImageTitleHeaderView.swift in Sources */ = {isa = PBXBuildFile; fileRef = 56E6B6B52C964D670029EA4E /* ImageTitleHeaderView.swift */; };
		56E6B6B82C966D120029EA4E /* ScrollingItemDetailScreen.swift in Sources */ = {isa = PBXBuildFile; fileRef = 56E6B6B72C966D120029EA4E /* ScrollingItemDetailScreen.swift */; };
		56E6B6BD2C97C3750029EA4E /* ScrollViewUtil.swift in Sources */ = {isa = PBXBuildFile; fileRef = 56E6B6BC2C97C3750029EA4E /* ScrollViewUtil.swift */; };
		EA11FB582C81021000DF5103 /* UIUXPlaygroundApp.swift in Sources */ = {isa = PBXBuildFile; fileRef = EA11FB572C81021000DF5103 /* UIUXPlaygroundApp.swift */; };
		EA11FB5A2C81021000DF5103 /* ContentView.swift in Sources */ = {isa = PBXBuildFile; fileRef = EA11FB592C81021000DF5103 /* ContentView.swift */; };
		EA11FB5C2C81021100DF5103 /* Assets.xcassets in Resources */ = {isa = PBXBuildFile; fileRef = EA11FB5B2C81021100DF5103 /* Assets.xcassets */; };
		EA11FB5F2C81021100DF5103 /* Preview Assets.xcassets in Resources */ = {isa = PBXBuildFile; fileRef = EA11FB5E2C81021100DF5103 /* Preview Assets.xcassets */; };
		EA223B132CFF823900BB522C /* DoubleStackSubtitleText.swift in Sources */ = {isa = PBXBuildFile; fileRef = EA223B122CFF823900BB522C /* DoubleStackSubtitleText.swift */; };
		EA223B152CFF830200BB522C /* SubtitleText.swift in Sources */ = {isa = PBXBuildFile; fileRef = EA223B142CFF830200BB522C /* SubtitleText.swift */; };
		EA223B182CFF926900BB522C /* RoundedButton.swift in Sources */ = {isa = PBXBuildFile; fileRef = EA223B172CFF926900BB522C /* RoundedButton.swift */; };
		EA223B1A2CFFA4AF00BB522C /* HorizontalScrollingButtons.swift in Sources */ = {isa = PBXBuildFile; fileRef = EA223B192CFFA4AF00BB522C /* HorizontalScrollingButtons.swift */; };
		EA223B1C2CFFAD8B00BB522C /* Dimensions.swift in Sources */ = {isa = PBXBuildFile; fileRef = EA223B1B2CFFAD8B00BB522C /* Dimensions.swift */; };
		EA223B1E2CFFB5F400BB522C /* SubHeaderTitleText.swift in Sources */ = {isa = PBXBuildFile; fileRef = EA223B1D2CFFB5F400BB522C /* SubHeaderTitleText.swift */; };
		EA223B202CFFB6E900BB522C /* InfoView.swift in Sources */ = {isa = PBXBuildFile; fileRef = EA223B1F2CFFB6E900BB522C /* InfoView.swift */; };
		EA6A70E92C81FF050091262C /* YelpsDetailScreen.swift in Sources */ = {isa = PBXBuildFile; fileRef = EA6A70E82C81FF050091262C /* YelpsDetailScreen.swift */; };
/* End PBXBuildFile section */

/* Begin PBXFileReference section */
		56D831922CD05D8B00D99834 /* HeaderTitleText.swift */ = {isa = PBXFileReference; lastKnownFileType = sourcecode.swift; path = HeaderTitleText.swift; sourceTree = "<group>"; };
		56D831962CD0618200D99834 /* OverlayedImage.swift */ = {isa = PBXFileReference; lastKnownFileType = sourcecode.swift; path = OverlayedImage.swift; sourceTree = "<group>"; };
		56D8319B2CD066C400D99834 /* TrackerScrollView.swift */ = {isa = PBXFileReference; lastKnownFileType = sourcecode.swift; path = TrackerScrollView.swift; sourceTree = "<group>"; };
		56D8319D2CD1B44400D99834 /* FontUtil.swift */ = {isa = PBXFileReference; lastKnownFileType = sourcecode.swift; path = FontUtil.swift; sourceTree = "<group>"; };
		56D831A12CD1B7F800D99834 /* ToolbarButton.swift */ = {isa = PBXFileReference; lastKnownFileType = sourcecode.swift; path = ToolbarButton.swift; sourceTree = "<group>"; };
		56D831A32CD1BA6300D99834 /* ToolbarText.swift */ = {isa = PBXFileReference; lastKnownFileType = sourcecode.swift; path = ToolbarText.swift; sourceTree = "<group>"; };
		56D831A52CD1C16100D99834 /* ToolbarView.swift */ = {isa = PBXFileReference; lastKnownFileType = sourcecode.swift; path = ToolbarView.swift; sourceTree = "<group>"; };
		56D831A72CD1C96200D99834 /* ToolbarUtil.swift */ = {isa = PBXFileReference; lastKnownFileType = sourcecode.swift; path = ToolbarUtil.swift; sourceTree = "<group>"; };
		56E6B6B52C964D670029EA4E /* ImageTitleHeaderView.swift */ = {isa = PBXFileReference; lastKnownFileType = sourcecode.swift; path = ImageTitleHeaderView.swift; sourceTree = "<group>"; };
		56E6B6B72C966D120029EA4E /* ScrollingItemDetailScreen.swift */ = {isa = PBXFileReference; lastKnownFileType = sourcecode.swift; path = ScrollingItemDetailScreen.swift; sourceTree = "<group>"; };
		56E6B6BC2C97C3750029EA4E /* ScrollViewUtil.swift */ = {isa = PBXFileReference; lastKnownFileType = sourcecode.swift; path = ScrollViewUtil.swift; sourceTree = "<group>"; };
		EA11FB542C81021000DF5103 /* UIUXPlayground.app */ = {isa = PBXFileReference; explicitFileType = wrapper.application; includeInIndex = 0; path = UIUXPlayground.app; sourceTree = BUILT_PRODUCTS_DIR; };
		EA11FB572C81021000DF5103 /* UIUXPlaygroundApp.swift */ = {isa = PBXFileReference; lastKnownFileType = sourcecode.swift; path = UIUXPlaygroundApp.swift; sourceTree = "<group>"; };
		EA11FB592C81021000DF5103 /* ContentView.swift */ = {isa = PBXFileReference; lastKnownFileType = sourcecode.swift; path = ContentView.swift; sourceTree = "<group>"; };
		EA11FB5B2C81021100DF5103 /* Assets.xcassets */ = {isa = PBXFileReference; lastKnownFileType = folder.assetcatalog; path = Assets.xcassets; sourceTree = "<group>"; };
		EA11FB5E2C81021100DF5103 /* Preview Assets.xcassets */ = {isa = PBXFileReference; lastKnownFileType = folder.assetcatalog; path = "Preview Assets.xcassets"; sourceTree = "<group>"; };
		EA11FB682C81021100DF5103 /* UIUXPlaygroundTests.swift */ = {isa = PBXFileReference; lastKnownFileType = sourcecode.swift; path = UIUXPlaygroundTests.swift; sourceTree = "<group>"; };
		EA11FB722C81021100DF5103 /* UIUXPlaygroundUITests.swift */ = {isa = PBXFileReference; lastKnownFileType = sourcecode.swift; path = UIUXPlaygroundUITests.swift; sourceTree = "<group>"; };
		EA11FB742C81021100DF5103 /* UIUXPlaygroundUITestsLaunchTests.swift */ = {isa = PBXFileReference; lastKnownFileType = sourcecode.swift; path = UIUXPlaygroundUITestsLaunchTests.swift; sourceTree = "<group>"; };
		EA223B122CFF823900BB522C /* DoubleStackSubtitleText.swift */ = {isa = PBXFileReference; lastKnownFileType = sourcecode.swift; path = DoubleStackSubtitleText.swift; sourceTree = "<group>"; };
		EA223B142CFF830200BB522C /* SubtitleText.swift */ = {isa = PBXFileReference; lastKnownFileType = sourcecode.swift; path = SubtitleText.swift; sourceTree = "<group>"; };
		EA223B172CFF926900BB522C /* RoundedButton.swift */ = {isa = PBXFileReference; lastKnownFileType = sourcecode.swift; path = RoundedButton.swift; sourceTree = "<group>"; };
		EA223B192CFFA4AF00BB522C /* HorizontalScrollingButtons.swift */ = {isa = PBXFileReference; lastKnownFileType = sourcecode.swift; path = HorizontalScrollingButtons.swift; sourceTree = "<group>"; };
		EA223B1B2CFFAD8B00BB522C /* Dimensions.swift */ = {isa = PBXFileReference; lastKnownFileType = sourcecode.swift; path = Dimensions.swift; sourceTree = "<group>"; };
		EA223B1D2CFFB5F400BB522C /* SubHeaderTitleText.swift */ = {isa = PBXFileReference; lastKnownFileType = sourcecode.swift; path = SubHeaderTitleText.swift; sourceTree = "<group>"; };
		EA223B1F2CFFB6E900BB522C /* InfoView.swift */ = {isa = PBXFileReference; lastKnownFileType = sourcecode.swift; path = InfoView.swift; sourceTree = "<group>"; };
		EA6A70E82C81FF050091262C /* YelpsDetailScreen.swift */ = {isa = PBXFileReference; lastKnownFileType = sourcecode.swift; path = YelpsDetailScreen.swift; sourceTree = "<group>"; };
/* End PBXFileReference section */

/* Begin PBXFrameworksBuildPhase section */
		EA11FB512C81021000DF5103 /* Frameworks */ = {
			isa = PBXFrameworksBuildPhase;
			buildActionMask = 2147483647;
			files = (
			);
			runOnlyForDeploymentPostprocessing = 0;
		};
/* End PBXFrameworksBuildPhase section */

/* Begin PBXGroup section */
		56D831982CD0650200D99834 /* Atoms */ = {
			isa = PBXGroup;
			children = (
				56D831922CD05D8B00D99834 /* HeaderTitleText.swift */,
				56D831962CD0618200D99834 /* OverlayedImage.swift */,
				56D8319B2CD066C400D99834 /* TrackerScrollView.swift */,
				56D831A12CD1B7F800D99834 /* ToolbarButton.swift */,
				56D831A32CD1BA6300D99834 /* ToolbarText.swift */,
				EA223B142CFF830200BB522C /* SubtitleText.swift */,
				EA223B172CFF926900BB522C /* RoundedButton.swift */,
				EA223B1D2CFFB5F400BB522C /* SubHeaderTitleText.swift */,
			);
			path = Atoms;
			sourceTree = "<group>";
		};
		56D831992CD0655300D99834 /* Molecules */ = {
			isa = PBXGroup;
			children = (
				56E6B6B52C964D670029EA4E /* ImageTitleHeaderView.swift */,
				56D831A52CD1C16100D99834 /* ToolbarView.swift */,
				EA223B122CFF823900BB522C /* DoubleStackSubtitleText.swift */,
				EA223B192CFFA4AF00BB522C /* HorizontalScrollingButtons.swift */,
				EA223B1F2CFFB6E900BB522C /* InfoView.swift */,
			);
			path = Molecules;
			sourceTree = "<group>";
		};
		56D8319A2CD0656E00D99834 /* Organisms */ = {
			isa = PBXGroup;
			children = (
				56E6B6B72C966D120029EA4E /* ScrollingItemDetailScreen.swift */,
			);
			path = Organisms;
			sourceTree = "<group>";
		};
		56E6B6B42C964BED0029EA4E /* UIKit */ = {
			isa = PBXGroup;
			children = (
				56D831982CD0650200D99834 /* Atoms */,
				56D831992CD0655300D99834 /* Molecules */,
				56D8319A2CD0656E00D99834 /* Organisms */,
				56E6B6BB2C97C35E0029EA4E /* Utils */,
				EA223B1B2CFFAD8B00BB522C /* Dimensions.swift */,
			);
			path = UIKit;
			sourceTree = "<group>";
		};
		56E6B6BB2C97C35E0029EA4E /* Utils */ = {
			isa = PBXGroup;
			children = (
				56D8319D2CD1B44400D99834 /* FontUtil.swift */,
				56E6B6BC2C97C3750029EA4E /* ScrollViewUtil.swift */,
				56D831A72CD1C96200D99834 /* ToolbarUtil.swift */,
			);
			path = Utils;
			sourceTree = "<group>";
		};
		EA11FB4B2C81021000DF5103 = {
			isa = PBXGroup;
			children = (
				EA11FB562C81021000DF5103 /* UIUXPlayground */,
				EA11FB672C81021100DF5103 /* UIUXPlaygroundTests */,
				EA11FB712C81021100DF5103 /* UIUXPlaygroundUITests */,
				EA11FB552C81021000DF5103 /* Products */,
			);
			sourceTree = "<group>";
		};
		EA11FB552C81021000DF5103 /* Products */ = {
			isa = PBXGroup;
			children = (
				EA11FB542C81021000DF5103 /* UIUXPlayground.app */,
			);
			name = Products;
			sourceTree = "<group>";
		};
		EA11FB562C81021000DF5103 /* UIUXPlayground */ = {
			isa = PBXGroup;
			children = (
				56E6B6B42C964BED0029EA4E /* UIKit */,
				EA6A70E72C81FEE00091262C /* Screens */,
				EA11FB572C81021000DF5103 /* UIUXPlaygroundApp.swift */,
				EA11FB592C81021000DF5103 /* ContentView.swift */,
				EA11FB5B2C81021100DF5103 /* Assets.xcassets */,
				EA11FB5D2C81021100DF5103 /* Preview Content */,
			);
			path = UIUXPlayground;
			sourceTree = "<group>";
		};
		EA11FB5D2C81021100DF5103 /* Preview Content */ = {
			isa = PBXGroup;
			children = (
				EA11FB5E2C81021100DF5103 /* Preview Assets.xcassets */,
			);
			path = "Preview Content";
			sourceTree = "<group>";
		};
		EA11FB672C81021100DF5103 /* UIUXPlaygroundTests */ = {
			isa = PBXGroup;
			children = (
				EA11FB682C81021100DF5103 /* UIUXPlaygroundTests.swift */,
			);
			path = UIUXPlaygroundTests;
			sourceTree = "<group>";
		};
		EA11FB712C81021100DF5103 /* UIUXPlaygroundUITests */ = {
			isa = PBXGroup;
			children = (
				EA11FB722C81021100DF5103 /* UIUXPlaygroundUITests.swift */,
				EA11FB742C81021100DF5103 /* UIUXPlaygroundUITestsLaunchTests.swift */,
			);
			path = UIUXPlaygroundUITests;
			sourceTree = "<group>";
		};
		EA6A70E72C81FEE00091262C /* Screens */ = {
			isa = PBXGroup;
			children = (
				EA6A70E82C81FF050091262C /* YelpsDetailScreen.swift */,
			);
			path = Screens;
			sourceTree = "<group>";
		};
/* End PBXGroup section */

/* Begin PBXNativeTarget section */
		EA11FB532C81021000DF5103 /* UIUXPlayground */ = {
			isa = PBXNativeTarget;
			buildConfigurationList = EA11FB782C81021100DF5103 /* Build configuration list for PBXNativeTarget "UIUXPlayground" */;
			buildPhases = (
				EA11FB502C81021000DF5103 /* Sources */,
				EA11FB512C81021000DF5103 /* Frameworks */,
				EA11FB522C81021000DF5103 /* Resources */,
			);
			buildRules = (
			);
			dependencies = (
			);
			name = UIUXPlayground;
			productName = UIUXPlayground;
			productReference = EA11FB542C81021000DF5103 /* UIUXPlayground.app */;
			productType = "com.apple.product-type.application";
		};
/* End PBXNativeTarget section */

/* Begin PBXProject section */
		EA11FB4C2C81021000DF5103 /* Project object */ = {
			isa = PBXProject;
			attributes = {
				BuildIndependentTargetsInParallel = 1;
				LastSwiftUpdateCheck = 1530;
				LastUpgradeCheck = 1530;
				TargetAttributes = {
					EA11FB532C81021000DF5103 = {
						CreatedOnToolsVersion = 15.3;
					};
				};
			};
			buildConfigurationList = EA11FB4F2C81021000DF5103 /* Build configuration list for PBXProject "UIUXPlayground" */;
			compatibilityVersion = "Xcode 14.0";
			developmentRegion = en;
			hasScannedForEncodings = 0;
			knownRegions = (
				en,
				Base,
			);
			mainGroup = EA11FB4B2C81021000DF5103;
			productRefGroup = EA11FB552C81021000DF5103 /* Products */;
			projectDirPath = "";
			projectRoot = "";
			targets = (
				EA11FB532C81021000DF5103 /* UIUXPlayground */,
			);
		};
/* End PBXProject section */

/* Begin PBXResourcesBuildPhase section */
		EA11FB522C81021000DF5103 /* Resources */ = {
			isa = PBXResourcesBuildPhase;
			buildActionMask = 2147483647;
			files = (
				EA11FB5F2C81021100DF5103 /* Preview Assets.xcassets in Resources */,
				EA11FB5C2C81021100DF5103 /* Assets.xcassets in Resources */,
			);
			runOnlyForDeploymentPostprocessing = 0;
		};
/* End PBXResourcesBuildPhase section */

/* Begin PBXSourcesBuildPhase section */
		EA11FB502C81021000DF5103 /* Sources */ = {
			isa = PBXSourcesBuildPhase;
			buildActionMask = 2147483647;
			files = (
				EA6A70E92C81FF050091262C /* YelpsDetailScreen.swift in Sources */,
				56E6B6BD2C97C3750029EA4E /* ScrollViewUtil.swift in Sources */,
				56D8319C2CD066C400D99834 /* TrackerScrollView.swift in Sources */,
				EA11FB5A2C81021000DF5103 /* ContentView.swift in Sources */,
				56D831A42CD1BA6300D99834 /* ToolbarText.swift in Sources */,
				56D831A82CD1C96200D99834 /* ToolbarUtil.swift in Sources */,
				56E6B6B82C966D120029EA4E /* ScrollingItemDetailScreen.swift in Sources */,
				56D831932CD05D8B00D99834 /* HeaderTitleText.swift in Sources */,
				56D831A22CD1B7F800D99834 /* ToolbarButton.swift in Sources */,
				EA223B1E2CFFB5F400BB522C /* SubHeaderTitleText.swift in Sources */,
				56D8319E2CD1B44A00D99834 /* FontUtil.swift in Sources */,
				EA223B132CFF823900BB522C /* DoubleStackSubtitleText.swift in Sources */,
				EA223B182CFF926900BB522C /* RoundedButton.swift in Sources */,
				EA223B202CFFB6E900BB522C /* InfoView.swift in Sources */,
				56D831972CD0618200D99834 /* OverlayedImage.swift in Sources */,
				EA223B1C2CFFAD8B00BB522C /* Dimensions.swift in Sources */,
				56E6B6B62C964D670029EA4E /* ImageTitleHeaderView.swift in Sources */,
				EA11FB582C81021000DF5103 /* UIUXPlaygroundApp.swift in Sources */,
				EA223B152CFF830200BB522C /* SubtitleText.swift in Sources */,
				EA223B1A2CFFA4AF00BB522C /* HorizontalScrollingButtons.swift in Sources */,
				56D831A62CD1C16100D99834 /* ToolbarView.swift in Sources */,
			);
			runOnlyForDeploymentPostprocessing = 0;
		};
/* End PBXSourcesBuildPhase section */

/* Begin XCBuildConfiguration section */
		EA11FB762C81021100DF5103 /* Debug */ = {
			isa = XCBuildConfiguration;
			buildSettings = {
				ALWAYS_SEARCH_USER_PATHS = NO;
				ASSETCATALOG_COMPILER_GENERATE_SWIFT_ASSET_SYMBOL_EXTENSIONS = YES;
				CLANG_ANALYZER_NONNULL = YES;
				CLANG_ANALYZER_NUMBER_OBJECT_CONVERSION = YES_AGGRESSIVE;
				CLANG_CXX_LANGUAGE_STANDARD = "gnu++20";
				CLANG_ENABLE_MODULES = YES;
				CLANG_ENABLE_OBJC_ARC = YES;
				CLANG_ENABLE_OBJC_WEAK = YES;
				CLANG_WARN_BLOCK_CAPTURE_AUTORELEASING = YES;
				CLANG_WARN_BOOL_CONVERSION = YES;
				CLANG_WARN_COMMA = YES;
				CLANG_WARN_CONSTANT_CONVERSION = YES;
				CLANG_WARN_DEPRECATED_OBJC_IMPLEMENTATIONS = YES;
				CLANG_WARN_DIRECT_OBJC_ISA_USAGE = YES_ERROR;
				CLANG_WARN_DOCUMENTATION_COMMENTS = YES;
				CLANG_WARN_EMPTY_BODY = YES;
				CLANG_WARN_ENUM_CONVERSION = YES;
				CLANG_WARN_INFINITE_RECURSION = YES;
				CLANG_WARN_INT_CONVERSION = YES;
				CLANG_WARN_NON_LITERAL_NULL_CONVERSION = YES;
				CLANG_WARN_OBJC_IMPLICIT_RETAIN_SELF = YES;
				CLANG_WARN_OBJC_LITERAL_CONVERSION = YES;
				CLANG_WARN_OBJC_ROOT_CLASS = YES_ERROR;
				CLANG_WARN_QUOTED_INCLUDE_IN_FRAMEWORK_HEADER = YES;
				CLANG_WARN_RANGE_LOOP_ANALYSIS = YES;
				CLANG_WARN_STRICT_PROTOTYPES = YES;
				CLANG_WARN_SUSPICIOUS_MOVE = YES;
				CLANG_WARN_UNGUARDED_AVAILABILITY = YES_AGGRESSIVE;
				CLANG_WARN_UNREACHABLE_CODE = YES;
				CLANG_WARN__DUPLICATE_METHOD_MATCH = YES;
				COPY_PHASE_STRIP = NO;
				DEBUG_INFORMATION_FORMAT = dwarf;
				ENABLE_STRICT_OBJC_MSGSEND = YES;
				ENABLE_TESTABILITY = YES;
				ENABLE_USER_SCRIPT_SANDBOXING = YES;
				GCC_C_LANGUAGE_STANDARD = gnu17;
				GCC_DYNAMIC_NO_PIC = NO;
				GCC_NO_COMMON_BLOCKS = YES;
				GCC_OPTIMIZATION_LEVEL = 0;
				GCC_PREPROCESSOR_DEFINITIONS = (
					"DEBUG=1",
					"$(inherited)",
				);
				GCC_WARN_64_TO_32_BIT_CONVERSION = YES;
				GCC_WARN_ABOUT_RETURN_TYPE = YES_ERROR;
				GCC_WARN_UNDECLARED_SELECTOR = YES;
				GCC_WARN_UNINITIALIZED_AUTOS = YES_AGGRESSIVE;
				GCC_WARN_UNUSED_FUNCTION = YES;
				GCC_WARN_UNUSED_VARIABLE = YES;
				IPHONEOS_DEPLOYMENT_TARGET = 17.4;
				LOCALIZATION_PREFERS_STRING_CATALOGS = YES;
				MTL_ENABLE_DEBUG_INFO = INCLUDE_SOURCE;
				MTL_FAST_MATH = YES;
				ONLY_ACTIVE_ARCH = YES;
				SDKROOT = iphoneos;
				SWIFT_ACTIVE_COMPILATION_CONDITIONS = "DEBUG $(inherited)";
				SWIFT_OPTIMIZATION_LEVEL = "-Onone";
			};
			name = Debug;
		};
		EA11FB772C81021100DF5103 /* Release */ = {
			isa = XCBuildConfiguration;
			buildSettings = {
				ALWAYS_SEARCH_USER_PATHS = NO;
				ASSETCATALOG_COMPILER_GENERATE_SWIFT_ASSET_SYMBOL_EXTENSIONS = YES;
				CLANG_ANALYZER_NONNULL = YES;
				CLANG_ANALYZER_NUMBER_OBJECT_CONVERSION = YES_AGGRESSIVE;
				CLANG_CXX_LANGUAGE_STANDARD = "gnu++20";
				CLANG_ENABLE_MODULES = YES;
				CLANG_ENABLE_OBJC_ARC = YES;
				CLANG_ENABLE_OBJC_WEAK = YES;
				CLANG_WARN_BLOCK_CAPTURE_AUTORELEASING = YES;
				CLANG_WARN_BOOL_CONVERSION = YES;
				CLANG_WARN_COMMA = YES;
				CLANG_WARN_CONSTANT_CONVERSION = YES;
				CLANG_WARN_DEPRECATED_OBJC_IMPLEMENTATIONS = YES;
				CLANG_WARN_DIRECT_OBJC_ISA_USAGE = YES_ERROR;
				CLANG_WARN_DOCUMENTATION_COMMENTS = YES;
				CLANG_WARN_EMPTY_BODY = YES;
				CLANG_WARN_ENUM_CONVERSION = YES;
				CLANG_WARN_INFINITE_RECURSION = YES;
				CLANG_WARN_INT_CONVERSION = YES;
				CLANG_WARN_NON_LITERAL_NULL_CONVERSION = YES;
				CLANG_WARN_OBJC_IMPLICIT_RETAIN_SELF = YES;
				CLANG_WARN_OBJC_LITERAL_CONVERSION = YES;
				CLANG_WARN_OBJC_ROOT_CLASS = YES_ERROR;
				CLANG_WARN_QUOTED_INCLUDE_IN_FRAMEWORK_HEADER = YES;
				CLANG_WARN_RANGE_LOOP_ANALYSIS = YES;
				CLANG_WARN_STRICT_PROTOTYPES = YES;
				CLANG_WARN_SUSPICIOUS_MOVE = YES;
				CLANG_WARN_UNGUARDED_AVAILABILITY = YES_AGGRESSIVE;
				CLANG_WARN_UNREACHABLE_CODE = YES;
				CLANG_WARN__DUPLICATE_METHOD_MATCH = YES;
				COPY_PHASE_STRIP = NO;
				DEBUG_INFORMATION_FORMAT = "dwarf-with-dsym";
				ENABLE_NS_ASSERTIONS = NO;
				ENABLE_STRICT_OBJC_MSGSEND = YES;
				ENABLE_USER_SCRIPT_SANDBOXING = YES;
				GCC_C_LANGUAGE_STANDARD = gnu17;
				GCC_NO_COMMON_BLOCKS = YES;
				GCC_WARN_64_TO_32_BIT_CONVERSION = YES;
				GCC_WARN_ABOUT_RETURN_TYPE = YES_ERROR;
				GCC_WARN_UNDECLARED_SELECTOR = YES;
				GCC_WARN_UNINITIALIZED_AUTOS = YES_AGGRESSIVE;
				GCC_WARN_UNUSED_FUNCTION = YES;
				GCC_WARN_UNUSED_VARIABLE = YES;
				IPHONEOS_DEPLOYMENT_TARGET = 17.4;
				LOCALIZATION_PREFERS_STRING_CATALOGS = YES;
				MTL_ENABLE_DEBUG_INFO = NO;
				MTL_FAST_MATH = YES;
				SDKROOT = iphoneos;
				SWIFT_COMPILATION_MODE = wholemodule;
				VALIDATE_PRODUCT = YES;
			};
			name = Release;
		};
		EA11FB792C81021100DF5103 /* Debug */ = {
			isa = XCBuildConfiguration;
			buildSettings = {
				ASSETCATALOG_COMPILER_APPICON_NAME = AppIcon;
				ASSETCATALOG_COMPILER_GLOBAL_ACCENT_COLOR_NAME = AccentColor;
				CODE_SIGN_STYLE = Automatic;
				CURRENT_PROJECT_VERSION = 1;
				DEVELOPMENT_ASSET_PATHS = "\"UIUXPlayground/Preview Content\"";
				DEVELOPMENT_TEAM = E22S5R3SDA;
				ENABLE_PREVIEWS = YES;
				GENERATE_INFOPLIST_FILE = YES;
				INFOPLIST_KEY_UIApplicationSceneManifest_Generation = YES;
				INFOPLIST_KEY_UIApplicationSupportsIndirectInputEvents = YES;
				INFOPLIST_KEY_UILaunchScreen_Generation = YES;
				INFOPLIST_KEY_UISupportedInterfaceOrientations_iPad = "UIInterfaceOrientationPortrait UIInterfaceOrientationPortraitUpsideDown UIInterfaceOrientationLandscapeLeft UIInterfaceOrientationLandscapeRight";
				INFOPLIST_KEY_UISupportedInterfaceOrientations_iPhone = "UIInterfaceOrientationPortrait UIInterfaceOrientationLandscapeLeft UIInterfaceOrientationLandscapeRight";
				LD_RUNPATH_SEARCH_PATHS = (
					"$(inherited)",
					"@executable_path/Frameworks",
				);
				MARKETING_VERSION = 1.0;
				PRODUCT_BUNDLE_IDENTIFIER = com.twny.UIUXPlayground;
				PRODUCT_NAME = "$(TARGET_NAME)";
				SWIFT_EMIT_LOC_STRINGS = YES;
				SWIFT_VERSION = 5.0;
				TARGETED_DEVICE_FAMILY = "1,2";
			};
			name = Debug;
		};
		EA11FB7A2C81021100DF5103 /* Release */ = {
			isa = XCBuildConfiguration;
			buildSettings = {
				ASSETCATALOG_COMPILER_APPICON_NAME = AppIcon;
				ASSETCATALOG_COMPILER_GLOBAL_ACCENT_COLOR_NAME = AccentColor;
				CODE_SIGN_STYLE = Automatic;
				CURRENT_PROJECT_VERSION = 1;
				DEVELOPMENT_ASSET_PATHS = "\"UIUXPlayground/Preview Content\"";
				DEVELOPMENT_TEAM = E22S5R3SDA;
				ENABLE_PREVIEWS = YES;
				GENERATE_INFOPLIST_FILE = YES;
				INFOPLIST_KEY_UIApplicationSceneManifest_Generation = YES;
				INFOPLIST_KEY_UIApplicationSupportsIndirectInputEvents = YES;
				INFOPLIST_KEY_UILaunchScreen_Generation = YES;
				INFOPLIST_KEY_UISupportedInterfaceOrientations_iPad = "UIInterfaceOrientationPortrait UIInterfaceOrientationPortraitUpsideDown UIInterfaceOrientationLandscapeLeft UIInterfaceOrientationLandscapeRight";
				INFOPLIST_KEY_UISupportedInterfaceOrientations_iPhone = "UIInterfaceOrientationPortrait UIInterfaceOrientationLandscapeLeft UIInterfaceOrientationLandscapeRight";
				LD_RUNPATH_SEARCH_PATHS = (
					"$(inherited)",
					"@executable_path/Frameworks",
				);
				MARKETING_VERSION = 1.0;
				PRODUCT_BUNDLE_IDENTIFIER = com.twny.UIUXPlayground;
				PRODUCT_NAME = "$(TARGET_NAME)";
				SWIFT_EMIT_LOC_STRINGS = YES;
				SWIFT_VERSION = 5.0;
				TARGETED_DEVICE_FAMILY = "1,2";
			};
			name = Release;
		};
/* End XCBuildConfiguration section */

/* Begin XCConfigurationList section */
		EA11FB4F2C81021000DF5103 /* Build configuration list for PBXProject "UIUXPlayground" */ = {
			isa = XCConfigurationList;
			buildConfigurations = (
				EA11FB762C81021100DF5103 /* Debug */,
				EA11FB772C81021100DF5103 /* Release */,
			);
			defaultConfigurationIsVisible = 0;
			defaultConfigurationName = Release;
		};
		EA11FB782C81021100DF5103 /* Build configuration list for PBXNativeTarget "UIUXPlayground" */ = {
			isa = XCConfigurationList;
			buildConfigurations = (
				EA11FB792C81021100DF5103 /* Debug */,
				EA11FB7A2C81021100DF5103 /* Release */,
			);
			defaultConfigurationIsVisible = 0;
			defaultConfigurationName = Release;
		};
/* End XCConfigurationList section */
	};
	rootObject = EA11FB4C2C81021000DF5103 /* Project object */;
}
